PODS:
  - AAInfographics (6.0.0)
  - Bolts-Swift (1.5.0)
  - iOSDFULibrary (4.10.3):
    - ZIPFoundation (= 0.9.11)
  - MetaWear/AsyncUtils (4.0.1):
    - MetaWear/Core
  - MetaWear/Core (4.0.1):
    - Bolts-Swift (~> 1)
  - MetaWear/DFU (4.0.1):
    - iOSDFULibrary (= 4.10.3)
    - MetaWear/Core
  - MetaWear/Mocks (4.0.1):
    - MetaWear/Core
  - MetaWear/UI (4.0.1):
    - MetaWear/AsyncUtils
    - MetaWear/Core
  - StaticDataTableViewController (2.5.0)
  - ZIPFoundation (0.9.11)

DEPENDENCIES:
  - AAInfographics (from `https://github.com/AAChartModel/AAChartKit-Swift.git`)
  - MetaWear/AsyncUtils
  - MetaWear/DFU
  - MetaWear/Mocks
  - MetaWear/UI
  - StaticDataTableViewController

SPEC REPOS:
  trunk:
    - Bolts-Swift
    - iOSDFULibrary
    - MetaWear
    - StaticDataTableViewController
    - ZIPFoundation

EXTERNAL SOURCES:
  AAInfographics:
    :git: https://github.com/AAChartModel/AAChartKit-Swift.git

CHECKOUT OPTIONS:
  AAInfographics:
    :commit: f735f8fc38c6670d9cef1aeadb8c5762fdc789db
    :git: https://github.com/AAChartModel/AAChartKit-Swift.git

SPEC CHECKSUMS:
  AAInfographics: e57c6cc15ddc17df3555db6f586fb0e1b911a0b7
  Bolts-Swift: afbbaf8c8186e7f769be4afa656949c14087ba44
  iOSDFULibrary: 7aade51a907d01ca9a87055003cd232b09efd78f
  MetaWear: 35f29152e275456bdbfcd75eae8830f51cfec729
  StaticDataTableViewController: 0c5c4a47861446dd3cfd52530ae801ec7662ce26
  ZIPFoundation: b1f0de4eed33e74a676f76e12559ab6b75990197

PODFILE CHECKSUM: 285309aaba0f80d549ed13d6e0a75061cd676196

COCOAPODS: 1.10.1
